{
  "name": "mongoose",
  "version": "1.0.0",
  "lockfileVersion": 1,
  "requires": true,
  "dependencies": {
    "mongoose-currency": {
      "version": "0.2.0",
      "resolved": "https://registry.npmjs.org/mongoose-currency/-/mongoose-currency-0.2.0.tgz",
      "integrity": "sha1-L1MnLV1yCvNaFxIw+zDW0i105FE="
    }
  }
}
